// !$*UTF8*$!
{
	archiveVersion = 1;
	classes = {
	};
	objectVersion = 46;
	objects = {

/* Begin PBXBuildFile section */
		693AFD421DB6E29300314F00 /* FeedCollectionViewController.swift in Sources */ = {isa = PBXBuildFile; fileRef = 693AFD411DB6E29300314F00 /* FeedCollectionViewController.swift */; };
		693AFD441DB6E37E00314F00 /* FeedCollectionViewCell.swift in Sources */ = {isa = PBXBuildFile; fileRef = 693AFD431DB6E37E00314F00 /* FeedCollectionViewCell.swift */; };
		6947C8AB1DB3147F006BC4B7 /* AppDelegate.swift in Sources */ = {isa = PBXBuildFile; fileRef = 6947C8AA1DB3147F006BC4B7 /* AppDelegate.swift */; };
		6947C8AD1DB3147F006BC4B7 /* ViewController.swift in Sources */ = {isa = PBXBuildFile; fileRef = 6947C8AC1DB3147F006BC4B7 /* ViewController.swift */; };
		6947C8B21DB3147F006BC4B7 /* Assets.xcassets in Resources */ = {isa = PBXBuildFile; fileRef = 6947C8B11DB3147F006BC4B7 /* Assets.xcassets */; };
		6947C8B51DB3147F006BC4B7 /* LaunchScreen.storyboard in Resources */ = {isa = PBXBuildFile; fileRef = 6947C8B31DB3147F006BC4B7 /* LaunchScreen.storyboard */; };
		6947C8C01DB3147F006BC4B7 /* facebookUI1Tests.swift in Sources */ = {isa = PBXBuildFile; fileRef = 6947C8BF1DB3147F006BC4B7 /* facebookUI1Tests.swift */; };
		6947C8CB1DB3147F006BC4B7 /* facebookUI1UITests.swift in Sources */ = {isa = PBXBuildFile; fileRef = 6947C8CA1DB3147F006BC4B7 /* facebookUI1UITests.swift */; };
		6947C8DB1DB31E13006BC4B7 /* TopNavigationViewController.swift in Sources */ = {isa = PBXBuildFile; fileRef = 6947C8DA1DB31E13006BC4B7 /* TopNavigationViewController.swift */; };
		696315251DBC4E2900BDC774 /* Util.swift in Sources */ = {isa = PBXBuildFile; fileRef = 696315241DBC4E2900BDC774 /* Util.swift */; };
		696315271DBC5C5D00BDC774 /* Scroll.storyboard in Resources */ = {isa = PBXBuildFile; fileRef = 696315261DBC5C5D00BDC774 /* Scroll.storyboard */; };
/* End PBXBuildFile section */

/* Begin PBXContainerItemProxy section */
		6947C8BC1DB3147F006BC4B7 /* PBXContainerItemProxy */ = {
			isa = PBXContainerItemProxy;
			containerPortal = 6947C89F1DB3147E006BC4B7 /* Project object */;
			proxyType = 1;
			remoteGlobalIDString = 6947C8A61DB3147E006BC4B7;
			remoteInfo = facebookUI1;
		};
		6947C8C71DB3147F006BC4B7 /* PBXContainerItemProxy */ = {
			isa = PBXContainerItemProxy;
			containerPortal = 6947C89F1DB3147E006BC4B7 /* Project object */;
			proxyType = 1;
			remoteGlobalIDString = 6947C8A61DB3147E006BC4B7;
			remoteInfo = facebookUI1;
		};
/* End PBXContainerItemProxy section */

/* Begin PBXFileReference section */
		693AFD411DB6E29300314F00 /* FeedCollectionViewController.swift */ = {isa = PBXFileReference; fileEncoding = 4; lastKnownFileType = sourcecode.swift; path = FeedCollectionViewController.swift; sourceTree = "<group>"; };
		693AFD431DB6E37E00314F00 /* FeedCollectionViewCell.swift */ = {isa = PBXFileReference; fileEncoding = 4; lastKnownFileType = sourcecode.swift; path = FeedCollectionViewCell.swift; sourceTree = "<group>"; };
		6947C8A71DB3147F006BC4B7 /* facebookUI1.app */ = {isa = PBXFileReference; explicitFileType = wrapper.application; includeInIndex = 0; path = facebookUI1.app; sourceTree = BUILT_PRODUCTS_DIR; };
		6947C8AA1DB3147F006BC4B7 /* AppDelegate.swift */ = {isa = PBXFileReference; lastKnownFileType = sourcecode.swift; path = AppDelegate.swift; sourceTree = "<group>"; };
		6947C8AC1DB3147F006BC4B7 /* ViewController.swift */ = {isa = PBXFileReference; lastKnownFileType = sourcecode.swift; path = ViewController.swift; sourceTree = "<group>"; };
		6947C8B11DB3147F006BC4B7 /* Assets.xcassets */ = {isa = PBXFileReference; lastKnownFileType = folder.assetcatalog; path = Assets.xcassets; sourceTree = "<group>"; };
		6947C8B41DB3147F006BC4B7 /* Base */ = {isa = PBXFileReference; lastKnownFileType = file.storyboard; name = Base; path = Base.lproj/LaunchScreen.storyboard; sourceTree = "<group>"; };
		6947C8B61DB3147F006BC4B7 /* Info.plist */ = {isa = PBXFileReference; lastKnownFileType = text.plist.xml; path = Info.plist; sourceTree = "<group>"; };
		6947C8BB1DB3147F006BC4B7 /* facebookUI1Tests.xctest */ = {isa = PBXFileReference; explicitFileType = wrapper.cfbundle; includeInIndex = 0; path = facebookUI1Tests.xctest; sourceTree = BUILT_PRODUCTS_DIR; };
		6947C8BF1DB3147F006BC4B7 /* facebookUI1Tests.swift */ = {isa = PBXFileReference; lastKnownFileType = sourcecode.swift; path = facebookUI1Tests.swift; sourceTree = "<group>"; };
		6947C8C11DB3147F006BC4B7 /* Info.plist */ = {isa = PBXFileReference; lastKnownFileType = text.plist.xml; path = Info.plist; sourceTree = "<group>"; };
		6947C8C61DB3147F006BC4B7 /* facebookUI1UITests.xctest */ = {isa = PBXFileReference; explicitFileType = wrapper.cfbundle; includeInIndex = 0; path = facebookUI1UITests.xctest; sourceTree = BUILT_PRODUCTS_DIR; };
		6947C8CA1DB3147F006BC4B7 /* facebookUI1UITests.swift */ = {isa = PBXFileReference; lastKnownFileType = sourcecode.swift; path = facebookUI1UITests.swift; sourceTree = "<group>"; };
		6947C8CC1DB3147F006BC4B7 /* Info.plist */ = {isa = PBXFileReference; lastKnownFileType = text.plist.xml; path = Info.plist; sourceTree = "<group>"; };
		6947C8DA1DB31E13006BC4B7 /* TopNavigationViewController.swift */ = {isa = PBXFileReference; fileEncoding = 4; lastKnownFileType = sourcecode.swift; path = TopNavigationViewController.swift; sourceTree = "<group>"; };
		696315241DBC4E2900BDC774 /* Util.swift */ = {isa = PBXFileReference; fileEncoding = 4; lastKnownFileType = sourcecode.swift; path = Util.swift; sourceTree = "<group>"; };
		696315261DBC5C5D00BDC774 /* Scroll.storyboard */ = {isa = PBXFileReference; fileEncoding = 4; lastKnownFileType = file.storyboard; path = Scroll.storyboard; sourceTree = "<group>"; };
/* End PBXFileReference section */

/* Begin PBXFrameworksBuildPhase section */
		6947C8A41DB3147E006BC4B7 /* Frameworks */ = {
			isa = PBXFrameworksBuildPhase;
			buildActionMask = 2147483647;
			files = (
			);
			runOnlyForDeploymentPostprocessing = 0;
		};
		6947C8B81DB3147F006BC4B7 /* Frameworks */ = {
			isa = PBXFrameworksBuildPhase;
			buildActionMask = 2147483647;
			files = (
			);
			runOnlyForDeploymentPostprocessing = 0;
		};
		6947C8C31DB3147F006BC4B7 /* Frameworks */ = {
			isa = PBXFrameworksBuildPhase;
			buildActionMask = 2147483647;
			files = (
			);
			runOnlyForDeploymentPostprocessing = 0;
		};
/* End PBXFrameworksBuildPhase section */

/* Begin PBXGroup section */
		6947C89E1DB3147E006BC4B7 = {
			isa = PBXGroup;
			children = (
				6947C8A91DB3147F006BC4B7 /* facebookUI1 */,
				6947C8BE1DB3147F006BC4B7 /* facebookUI1Tests */,
				6947C8C91DB3147F006BC4B7 /* facebookUI1UITests */,
				6947C8A81DB3147F006BC4B7 /* Products */,
			);
			sourceTree = "<group>";
		};
		6947C8A81DB3147F006BC4B7 /* Products */ = {
			isa = PBXGroup;
			children = (
				6947C8A71DB3147F006BC4B7 /* facebookUI1.app */,
				6947C8BB1DB3147F006BC4B7 /* facebookUI1Tests.xctest */,
				6947C8C61DB3147F006BC4B7 /* facebookUI1UITests.xctest */,
			);
			name = Products;
			sourceTree = "<group>";
		};
		6947C8A91DB3147F006BC4B7 /* facebookUI1 */ = {
			isa = PBXGroup;
			children = (
				6947C8AA1DB3147F006BC4B7 /* AppDelegate.swift */,
				6947C8AC1DB3147F006BC4B7 /* ViewController.swift */,
				6947C8B11DB3147F006BC4B7 /* Assets.xcassets */,
				6947C8B31DB3147F006BC4B7 /* LaunchScreen.storyboard */,
				6947C8B61DB3147F006BC4B7 /* Info.plist */,
				6947C8DA1DB31E13006BC4B7 /* TopNavigationViewController.swift */,
				693AFD411DB6E29300314F00 /* FeedCollectionViewController.swift */,
				693AFD431DB6E37E00314F00 /* FeedCollectionViewCell.swift */,
				696315241DBC4E2900BDC774 /* Util.swift */,
				696315261DBC5C5D00BDC774 /* Scroll.storyboard */,
			);
			path = facebookUI1;
			sourceTree = "<group>";
		};
		6947C8BE1DB3147F006BC4B7 /* facebookUI1Tests */ = {
			isa = PBXGroup;
			children = (
				6947C8BF1DB3147F006BC4B7 /* facebookUI1Tests.swift */,
				6947C8C11DB3147F006BC4B7 /* Info.plist */,
			);
			path = facebookUI1Tests;
			sourceTree = "<group>";
		};
		6947C8C91DB3147F006BC4B7 /* facebookUI1UITests */ = {
			isa = PBXGroup;
			children = (
				6947C8CA1DB3147F006BC4B7 /* facebookUI1UITests.swift */,
				6947C8CC1DB3147F006BC4B7 /* Info.plist */,
			);
			path = facebookUI1UITests;
			sourceTree = "<group>";
		};
/* End PBXGroup section */

/* Begin PBXNativeTarget section */
		6947C8A61DB3147E006BC4B7 /* facebookUI1 */ = {
			isa = PBXNativeTarget;
			buildConfigurationList = 6947C8CF1DB3147F006BC4B7 /* Build configuration list for PBXNativeTarget "facebookUI1" */;
			buildPhases = (
				6947C8A31DB3147E006BC4B7 /* Sources */,
				6947C8A41DB3147E006BC4B7 /* Frameworks */,
				6947C8A51DB3147E006BC4B7 /* Resources */,
			);
			buildRules = (
			);
			dependencies = (
			);
			name = facebookUI1;
			productName = facebookUI1;
			productReference = 6947C8A71DB3147F006BC4B7 /* facebookUI1.app */;
			productType = "com.apple.product-type.application";
		};
		6947C8BA1DB3147F006BC4B7 /* facebookUI1Tests */ = {
			isa = PBXNativeTarget;
			buildConfigurationList = 6947C8D21DB3147F006BC4B7 /* Build configuration list for PBXNativeTarget "facebookUI1Tests" */;
			buildPhases = (
				6947C8B71DB3147F006BC4B7 /* Sources */,
				6947C8B81DB3147F006BC4B7 /* Frameworks */,
				6947C8B91DB3147F006BC4B7 /* Resources */,
			);
			buildRules = (
			);
			dependencies = (
				6947C8BD1DB3147F006BC4B7 /* PBXTargetDependency */,
			);
			name = facebookUI1Tests;
			productName = facebookUI1Tests;
			productReference = 6947C8BB1DB3147F006BC4B7 /* facebookUI1Tests.xctest */;
			productType = "com.apple.product-type.bundle.unit-test";
		};
		6947C8C51DB3147F006BC4B7 /* facebookUI1UITests */ = {
			isa = PBXNativeTarget;
			buildConfigurationList = 6947C8D51DB3147F006BC4B7 /* Build configuration list for PBXNativeTarget "facebookUI1UITests" */;
			buildPhases = (
				6947C8C21DB3147F006BC4B7 /* Sources */,
				6947C8C31DB3147F006BC4B7 /* Frameworks */,
				6947C8C41DB3147F006BC4B7 /* Resources */,
			);
			buildRules = (
			);
			dependencies = (
				6947C8C81DB3147F006BC4B7 /* PBXTargetDependency */,
			);
			name = facebookUI1UITests;
			productName = facebookUI1UITests;
			productReference = 6947C8C61DB3147F006BC4B7 /* facebookUI1UITests.xctest */;
			productType = "com.apple.product-type.bundle.ui-testing";
		};
/* End PBXNativeTarget section */

/* Begin PBXProject section */
		6947C89F1DB3147E006BC4B7 /* Project object */ = {
			isa = PBXProject;
			attributes = {
				LastSwiftUpdateCheck = 0800;
				LastUpgradeCheck = 0800;
				ORGANIZATIONNAME = "ishikura keisuke";
				TargetAttributes = {
					6947C8A61DB3147E006BC4B7 = {
						CreatedOnToolsVersion = 8.0;
						ProvisioningStyle = Automatic;
					};
					6947C8BA1DB3147F006BC4B7 = {
						CreatedOnToolsVersion = 8.0;
						ProvisioningStyle = Automatic;
						TestTargetID = 6947C8A61DB3147E006BC4B7;
					};
					6947C8C51DB3147F006BC4B7 = {
						CreatedOnToolsVersion = 8.0;
						ProvisioningStyle = Automatic;
						TestTargetID = 6947C8A61DB3147E006BC4B7;
					};
				};
			};
			buildConfigurationList = 6947C8A21DB3147E006BC4B7 /* Build configuration list for PBXProject "facebookUI1" */;
			compatibilityVersion = "Xcode 3.2";
			developmentRegion = English;
			hasScannedForEncodings = 0;
			knownRegions = (
				en,
				Base,
			);
			mainGroup = 6947C89E1DB3147E006BC4B7;
			productRefGroup = 6947C8A81DB3147F006BC4B7 /* Products */;
			projectDirPath = "";
			projectRoot = "";
			targets = (
				6947C8A61DB3147E006BC4B7 /* facebookUI1 */,
				6947C8BA1DB3147F006BC4B7 /* facebookUI1Tests */,
				6947C8C51DB3147F006BC4B7 /* facebookUI1UITests */,
			);
		};
/* End PBXProject section */

/* Begin PBXResourcesBuildPhase section */
		6947C8A51DB3147E006BC4B7 /* Resources */ = {
			isa = PBXResourcesBuildPhase;
			buildActionMask = 2147483647;
			files = (
				6947C8B51DB3147F006BC4B7 /* LaunchScreen.storyboard in Resources */,
				6947C8B21DB3147F006BC4B7 /* Assets.xcassets in Resources */,
				696315271DBC5C5D00BDC774 /* Scroll.storyboard in Resources */,
			);
			runOnlyForDeploymentPostprocessing = 0;
		};
		6947C8B91DB3147F006BC4B7 /* Resources */ = {
			isa = PBXResourcesBuildPhase;
			buildActionMask = 2147483647;
			files = (
			);
			runOnlyForDeploymentPostprocessing = 0;
		};
		6947C8C41DB3147F006BC4B7 /* Resources */ = {
			isa = PBXResourcesBuildPhase;
			buildActionMask = 2147483647;
			files = (
			);
			runOnlyForDeploymentPostprocessing = 0;
		};
/* End PBXResourcesBuildPhase section */

/* Begin PBXSourcesBuildPhase section */
		6947C8A31DB3147E006BC4B7 /* Sources */ = {
			isa = PBXSourcesBuildPhase;
			buildActionMask = 2147483647;
			files = (
				6947C8AD1DB3147F006BC4B7 /* ViewController.swift in Sources */,
				696315251DBC4E2900BDC774 /* Util.swift in Sources */,
				6947C8DB1DB31E13006BC4B7 /* TopNavigationViewController.swift in Sources */,
				693AFD421DB6E29300314F00 /* FeedCollectionViewController.swift in Sources */,
				693AFD441DB6E37E00314F00 /* FeedCollectionViewCell.swift in Sources */,
				6947C8AB1DB3147F006BC4B7 /* AppDelegate.swift in Sources */,
			);
			runOnlyForDeploymentPostprocessing = 0;
		};
		6947C8B71DB3147F006BC4B7 /* Sources */ = {
			isa = PBXSourcesBuildPhase;
			buildActionMask = 2147483647;
			files = (
				6947C8C01DB3147F006BC4B7 /* facebookUI1Tests.swift in Sources */,
			);
			runOnlyForDeploymentPostprocessing = 0;
		};
		6947C8C21DB3147F006BC4B7 /* Sources */ = {
			isa = PBXSourcesBuildPhase;
			buildActionMask = 2147483647;
			files = (
				6947C8CB1DB3147F006BC4B7 /* facebookUI1UITests.swift in Sources */,
			);
			runOnlyForDeploymentPostprocessing = 0;
		};
/* End PBXSourcesBuildPhase section */

/* Begin PBXTargetDependency section */
		6947C8BD1DB3147F006BC4B7 /* PBXTargetDependency */ = {
			isa = PBXTargetDependency;
			target = 6947C8A61DB3147E006BC4B7 /* facebookUI1 */;
			targetProxy = 6947C8BC1DB3147F006BC4B7 /* PBXContainerItemProxy */;
		};
		6947C8C81DB3147F006BC4B7 /* PBXTargetDependency */ = {
			isa = PBXTargetDependency;
			target = 6947C8A61DB3147E006BC4B7 /* facebookUI1 */;
			targetProxy = 6947C8C71DB3147F006BC4B7 /* PBXContainerItemProxy */;
		};
/* End PBXTargetDependency section */

/* Begin PBXVariantGroup section */
		6947C8B31DB3147F006BC4B7 /* LaunchScreen.storyboard */ = {
			isa = PBXVariantGroup;
			children = (
				6947C8B41DB3147F006BC4B7 /* Base */,
			);
			name = LaunchScreen.storyboard;
			sourceTree = "<group>";
		};
/* End PBXVariantGroup section */

/* Begin XCBuildConfiguration section */
		6947C8CD1DB3147F006BC4B7 /* Debug */ = {
			isa = XCBuildConfiguration;
			buildSettings = {
				ALWAYS_SEARCH_USER_PATHS = NO;
				CLANG_ANALYZER_NONNULL = YES;
				CLANG_CXX_LANGUAGE_STANDARD = "gnu++0x";
				CLANG_CXX_LIBRARY = "libc++";
				CLANG_ENABLE_MODULES = YES;
				CLANG_ENABLE_OBJC_ARC = YES;
				CLANG_WARN_BOOL_CONVERSION = YES;
				CLANG_WARN_CONSTANT_CONVERSION = YES;
				CLANG_WARN_DIRECT_OBJC_ISA_USAGE = YES_ERROR;
				CLANG_WARN_DOCUMENTATION_COMMENTS = YES;
				CLANG_WARN_EMPTY_BODY = YES;
				CLANG_WARN_ENUM_CONVERSION = YES;
				CLANG_WARN_INFINITE_RECURSION = YES;
				CLANG_WARN_INT_CONVERSION = YES;
				CLANG_WARN_OBJC_ROOT_CLASS = YES_ERROR;
				CLANG_WARN_SUSPICIOUS_MOVES = YES;
				CLANG_WARN_UNREACHABLE_CODE = YES;
				CLANG_WARN__DUPLICATE_METHOD_MATCH = YES;
				"CODE_SIGN_IDENTITY[sdk=iphoneos*]" = "iPhone Developer";
				COPY_PHASE_STRIP = NO;
				DEBUG_INFORMATION_FORMAT = dwarf;
				ENABLE_STRICT_OBJC_MSGSEND = YES;
				ENABLE_TESTABILITY = YES;
				GCC_C_LANGUAGE_STANDARD = gnu99;
				GCC_DYNAMIC_NO_PIC = NO;
				GCC_NO_COMMON_BLOCKS = YES;
				GCC_OPTIMIZATION_LEVEL = 0;
				GCC_PREPROCESSOR_DEFINITIONS = (
					"DEBUG=1",
					"$(inherited)",
				);
				GCC_WARN_64_TO_32_BIT_CONVERSION = YES;
				GCC_WARN_ABOUT_RETURN_TYPE = YES_ERROR;
				GCC_WARN_UNDECLARED_SELECTOR = YES;
				GCC_WARN_UNINITIALIZED_AUTOS = YES_AGGRESSIVE;
				GCC_WARN_UNUSED_FUNCTION = YES;
				GCC_WARN_UNUSED_VARIABLE = YES;
				IPHONEOS_DEPLOYMENT_TARGET = 10.0;
				MTL_ENABLE_DEBUG_INFO = YES;
				ONLY_ACTIVE_ARCH = YES;
				SDKROOT = iphoneos;
				SWIFT_ACTIVE_COMPILATION_CONDITIONS = DEBUG;
				SWIFT_OPTIMIZATION_LEVEL = "-Onone";
				TARGETED_DEVICE_FAMILY = "1,2";
			};
			name = Debug;
		};
		6947C8CE1DB3147F006BC4B7 /* Release */ = {
			isa = XCBuildConfiguration;
			buildSettings = {
				ALWAYS_SEARCH_USER_PATHS = NO;
				CLANG_ANALYZER_NONNULL = YES;
				CLANG_CXX_LANGUAGE_STANDARD = "gnu++0x";
				CLANG_CXX_LIBRARY = "libc++";
				CLANG_ENABLE_MODULES = YES;
				CLANG_ENABLE_OBJC_ARC = YES;
				CLANG_WARN_BOOL_CONVERSION = YES;
				CLANG_WARN_CONSTANT_CONVERSION = YES;
				CLANG_WARN_DIRECT_OBJC_ISA_USAGE = YES_ERROR;
				CLANG_WARN_DOCUMENTATION_COMMENTS = YES;
				CLANG_WARN_EMPTY_BODY = YES;
				CLANG_WARN_ENUM_CONVERSION = YES;
				CLANG_WARN_INFINITE_RECURSION = YES;
				CLANG_WARN_INT_CONVERSION = YES;
				CLANG_WARN_OBJC_ROOT_CLASS = YES_ERROR;
				CLANG_WARN_SUSPICIOUS_MOVES = YES;
				CLANG_WARN_UNREACHABLE_CODE = YES;
				CLANG_WARN__DUPLICATE_METHOD_MATCH = YES;
				"CODE_SIGN_IDENTITY[sdk=iphoneos*]" = "iPhone Developer";
				COPY_PHASE_STRIP = NO;
				DEBUG_INFORMATION_FORMAT = "dwarf-with-dsym";
				ENABLE_NS_ASSERTIONS = NO;
				ENABLE_STRICT_OBJC_MSGSEND = YES;
				GCC_C_LANGUAGE_STANDARD = gnu99;
				GCC_NO_COMMON_BLOCKS = YES;
				GCC_WARN_64_TO_32_BIT_CONVERSION = YES;
				GCC_WARN_ABOUT_RETURN_TYPE = YES_ERROR;
				GCC_WARN_UNDECLARED_SELECTOR = YES;
				GCC_WARN_UNINITIALIZED_AUTOS = YES_AGGRESSIVE;
				GCC_WARN_UNUSED_FUNCTION = YES;
				GCC_WARN_UNUSED_VARIABLE = YES;
				IPHONEOS_DEPLOYMENT_TARGET = 10.0;
				MTL_ENABLE_DEBUG_INFO = NO;
				SDKROOT = iphoneos;
				SWIFT_OPTIMIZATION_LEVEL = "-Owholemodule";
				TARGETED_DEVICE_FAMILY = "1,2";
				VALIDATE_PRODUCT = YES;
			};
			name = Release;
		};
		6947C8D01DB3147F006BC4B7 /* Debug */ = {
			isa = XCBuildConfiguration;
			buildSettings = {
				ASSETCATALOG_COMPILER_APPICON_NAME = AppIcon;
				INFOPLIST_FILE = facebookUI1/Info.plist;
				LD_RUNPATH_SEARCH_PATHS = "$(inherited) @executable_path/Frameworks";
				PRODUCT_BUNDLE_IDENTIFIER = ltd.co.mypace.facebookUI1;
				PRODUCT_NAME = "$(TARGET_NAME)";
				SWIFT_VERSION = 3.0;
			};
			name = Debug;
		};
		6947C8D11DB3147F006BC4B7 /* Release */ = {
			isa = XCBuildConfiguration;
			buildSettings = {
				ASSETCATALOG_COMPILER_APPICON_NAME = AppIcon;
				INFOPLIST_FILE = facebookUI1/Info.plist;
				LD_RUNPATH_SEARCH_PATHS = "$(inherited) @executable_path/Frameworks";
				PRODUCT_BUNDLE_IDENTIFIER = ltd.co.mypace.facebookUI1;
				PRODUCT_NAME = "$(TARGET_NAME)";
				SWIFT_VERSION = 3.0;
			};
			name = Release;
		};
		6947C8D31DB3147F006BC4B7 /* Debug */ = {
			isa = XCBuildConfiguration;
			buildSettings = {
				ALWAYS_EMBED_SWIFT_STANDARD_LIBRARIES = YES;
				BUNDLE_LOADER = "$(TEST_HOST)";
				INFOPLIST_FILE = facebookUI1Tests/Info.plist;
				LD_RUNPATH_SEARCH_PATHS = "$(inherited) @executable_path/Frameworks @loader_path/Frameworks";
				PRODUCT_BUNDLE_IDENTIFIER = ltd.co.mypace.facebookUI1Tests;
				PRODUCT_NAME = "$(TARGET_NAME)";
				SWIFT_VERSION = 3.0;
				TEST_HOST = "$(BUILT_PRODUCTS_DIR)/facebookUI1.app/facebookUI1";
			};
			name = Debug;
		};
		6947C8D41DB3147F006BC4B7 /* Release */ = {
			isa = XCBuildConfiguration;
			buildSettings = {
				ALWAYS_EMBED_SWIFT_STANDARD_LIBRARIES = YES;
				BUNDLE_LOADER = "$(TEST_HOST)";
				INFOPLIST_FILE = facebookUI1Tests/Info.plist;
				LD_RUNPATH_SEARCH_PATHS = "$(inherited) @executable_path/Frameworks @loader_path/Frameworks";
				PRODUCT_BUNDLE_IDENTIFIER = ltd.co.mypace.facebookUI1Tests;
				PRODUCT_NAME = "$(TARGET_NAME)";
				SWIFT_VERSION = 3.0;
				TEST_HOST = "$(BUILT_PRODUCTS_DIR)/facebookUI1.app/facebookUI1";
			};
			name = Release;
		};
		6947C8D61DB3147F006BC4B7 /* Debug */ = {
			isa = XCBuildConfiguration;
			buildSettings = {
				ALWAYS_EMBED_SWIFT_STANDARD_LIBRARIES = YES;
				INFOPLIST_FILE = facebookUI1UITests/Info.plist;
				LD_RUNPATH_SEARCH_PATHS = "$(inherited) @executable_path/Frameworks @loader_path/Frameworks";
				PRODUCT_BUNDLE_IDENTIFIER = ltd.co.mypace.facebookUI1UITests;
				PRODUCT_NAME = "$(TARGET_NAME)";
				SWIFT_VERSION = 3.0;
				TEST_TARGET_NAME = facebookUI1;
			};
			name = Debug;
		};
		6947C8D71DB3147F006BC4B7 /* Release */ = {
			isa = XCBuildConfiguration;
			buildSettings = {
				ALWAYS_EMBED_SWIFT_STANDARD_LIBRARIES = YES;
				INFOPLIST_FILE = facebookUI1UITests/Info.plist;
				LD_RUNPATH_SEARCH_PATHS = "$(inherited) @executable_path/Frameworks @loader_path/Frameworks";
				PRODUCT_BUNDLE_IDENTIFIER = ltd.co.mypace.facebookUI1UITests;
				PRODUCT_NAME = "$(TARGET_NAME)";
				SWIFT_VERSION = 3.0;
				TEST_TARGET_NAME = facebookUI1;
			};
			name = Release;
		};
/* End XCBuildConfiguration section */

/* Begin XCConfigurationList section */
		6947C8A21DB3147E006BC4B7 /* Build configuration list for PBXProject "facebookUI1" */ = {
			isa = XCConfigurationList;
			buildConfigurations = (
				6947C8CD1DB3147F006BC4B7 /* Debug */,
				6947C8CE1DB3147F006BC4B7 /* Release */,
			);
			defaultConfigurationIsVisible = 0;
			defaultConfigurationName = Release;
		};
		6947C8CF1DB3147F006BC4B7 /* Build configuration list for PBXNativeTarget "facebookUI1" */ = {
			isa = XCConfigurationList;
			buildConfigurations = (
				6947C8D01DB3147F006BC4B7 /* Debug */,
				6947C8D11DB3147F006BC4B7 /* Release */,
			);
			defaultConfigurationIsVisible = 0;
			defaultConfigurationName = Release;
		};
		6947C8D21DB3147F006BC4B7 /* Build configuration list for PBXNativeTarget "facebookUI1Tests" */ = {
			isa = XCConfigurationList;
			buildConfigurations = (
				6947C8D31DB3147F006BC4B7 /* Debug */,
				6947C8D41DB3147F006BC4B7 /* Release */,
			);
			defaultConfigurationIsVisible = 0;
			defaultConfigurationName = Release;
		};
		6947C8D51DB3147F006BC4B7 /* Build configuration list for PBXNativeTarget "facebookUI1UITests" */ = {
			isa = XCConfigurationList;
			buildConfigurations = (
				6947C8D61DB3147F006BC4B7 /* Debug */,
				6947C8D71DB3147F006BC4B7 /* Release */,
			);
			defaultConfigurationIsVisible = 0;
			defaultConfigurationName = Release;
		};
/* End XCConfigurationList section */
	};
	rootObject = 6947C89F1DB3147E006BC4B7 /* Project object */;
}
